
Microsoft Visual Studio Solution File, Format Version 12.00
# Visual Studio Version 16
VisualStudioVersion = 16.0.29418.71
MinimumVisualStudioVersion = 10.0.40219.1
Project("{9A19103F-16F7-4668-BE54-9A1E7A4F7556}") = "BeerToday.Web.API", "Web\BeerToday.Web.API.csproj", "{D4B5FD43-A6EA-477E-8624-023CA2426407}"
EndProject
Project("{2150E333-8FDC-42A3-9474-1A3956D46DE8}") = "Web", "Web", "{CE5A2C51-78E4-486E-A2B8-EFA86CE9D31A}"
EndProject
Project("{2150E333-8FDC-42A3-9474-1A3956D46DE8}") = "Infrastructure", "Infrastructure", "{C58FABBA-633F-406F-821C-0D30CDE724B4}"
EndProject
Project("{2150E333-8FDC-42A3-9474-1A3956D46DE8}") = "Data", "Data", "{68119A1F-558B-4300-BC6D-FBA2B0C3FC4A}"
EndProject
Project("{2150E333-8FDC-42A3-9474-1A3956D46DE8}") = "Core", "Core", "{DD8F5DCB-2CBC-4B49-87CC-8B482A8E1037}"
EndProject
Project("{9A19103F-16F7-4668-BE54-9A1E7A4F7556}") = "BeerToday.Infrastructure.Exceptions", "Infrastructure\BeerToday.Infrastructure.Exceptions\BeerToday.Infrastructure.Exceptions.csproj", "{7E10EF6A-BF0B-49D7-A492-C0D6966FA757}"
EndProject
Project("{2150E333-8FDC-42A3-9474-1A3956D46DE8}") = "Utilities", "Utilities", "{B63568FE-B7F3-4B40-8FDE-8D9FCAB32D77}"
EndProject
Project("{9A19103F-16F7-4668-BE54-9A1E7A4F7556}") = "BeerToday.Utilities.Common", "Utilities\BeerToday.Utilities.Common\BeerToday.Utilities.Common.csproj", "{EFAAB876-6748-45AF-9B85-858E59E46B6B}"
EndProject
Project("{9A19103F-16F7-4668-BE54-9A1E7A4F7556}") = "BeerToday.Core.Contracts", "Core\BeerToday.Core.Contracts\BeerToday.Core.Contracts.csproj", "{3B4A81CB-9649-4E0E-905F-0FC2A6D4BB6A}"
EndProject
Project("{9A19103F-16F7-4668-BE54-9A1E7A4F7556}") = "BeerToday.Core.Implementation", "Core\BeerToday.Core.Implementation\BeerToday.Core.Implementation.csproj", "{C83B8B34-C40A-43E9-ADD5-8C7CE0B48D67}"
EndProject
Project("{9A19103F-16F7-4668-BE54-9A1E7A4F7556}") = "BeerToday.Infrastructure.Web", "Infrastructure\BeerToday.Infrastructure.Web\BeerToday.Infrastructure.Web.csproj", "{1700326B-051B-46A1-BFF2-FDA292479EB1}"
EndProject
Project("{9A19103F-16F7-4668-BE54-9A1E7A4F7556}") = "BeerToday.Data.Model", "Data\BeerToday.Data.Model\BeerToday.Data.Model.csproj", "{39454EDA-FF99-4818-890F-F14459692E5C}"
EndProject
Project("{9A19103F-16F7-4668-BE54-9A1E7A4F7556}") = "BeerToday.Data.Migrations", "Data\BeerToday.Data.Migrations\BeerToday.Data.Migrations.csproj", "{3518DA24-C541-4AF9-AB41-AC7DE02761C7}"
EndProject
Project("{9A19103F-16F7-4668-BE54-9A1E7A4F7556}") = "BeerToday.Core.Constants", "Core\BeerToday.Core.Constants\BeerToday.Core.Constants.csproj", "{1D04C8B1-B25D-4336-8220-29FF5AB1B1F0}"
EndProject
Project("{FAE04EC0-301F-11D3-BF4B-00C04F79EFBC}") = "BeerToday.Infrastructure.CQS", "Infrastructure\BeerToday.Infrastructure.CQS\BeerToday.Infrastructure.CQS.csproj", "{5D861E0E-E383-49DC-BE75-E84D2C6EFF0F}"
EndProject
Global
	GlobalSection(SolutionConfigurationPlatforms) = preSolution
		Debug|Any CPU = Debug|Any CPU
		Release|Any CPU = Release|Any CPU
	EndGlobalSection
	GlobalSection(ProjectConfigurationPlatforms) = postSolution
		{D4B5FD43-A6EA-477E-8624-023CA2426407}.Debug|Any CPU.ActiveCfg = Debug|Any CPU
		{D4B5FD43-A6EA-477E-8624-023CA2426407}.Debug|Any CPU.Build.0 = Debug|Any CPU
		{D4B5FD43-A6EA-477E-8624-023CA2426407}.Release|Any CPU.ActiveCfg = Release|Any CPU
		{D4B5FD43-A6EA-477E-8624-023CA2426407}.Release|Any CPU.Build.0 = Release|Any CPU
		{7E10EF6A-BF0B-49D7-A492-C0D6966FA757}.Debug|Any CPU.ActiveCfg = Debug|Any CPU
		{7E10EF6A-BF0B-49D7-A492-C0D6966FA757}.Debug|Any CPU.Build.0 = Debug|Any CPU
		{7E10EF6A-BF0B-49D7-A492-C0D6966FA757}.Release|Any CPU.ActiveCfg = Release|Any CPU
		{7E10EF6A-BF0B-49D7-A492-C0D6966FA757}.Release|Any CPU.Build.0 = Release|Any CPU
		{EFAAB876-6748-45AF-9B85-858E59E46B6B}.Debug|Any CPU.ActiveCfg = Debug|Any CPU
		{EFAAB876-6748-45AF-9B85-858E59E46B6B}.Debug|Any CPU.Build.0 = Debug|Any CPU
		{EFAAB876-6748-45AF-9B85-858E59E46B6B}.Release|Any CPU.ActiveCfg = Release|Any CPU
		{EFAAB876-6748-45AF-9B85-858E59E46B6B}.Release|Any CPU.Build.0 = Release|Any CPU
		{3B4A81CB-9649-4E0E-905F-0FC2A6D4BB6A}.Debug|Any CPU.ActiveCfg = Debug|Any CPU
		{3B4A81CB-9649-4E0E-905F-0FC2A6D4BB6A}.Debug|Any CPU.Build.0 = Debug|Any CPU
		{3B4A81CB-9649-4E0E-905F-0FC2A6D4BB6A}.Release|Any CPU.ActiveCfg = Release|Any CPU
		{3B4A81CB-9649-4E0E-905F-0FC2A6D4BB6A}.Release|Any CPU.Build.0 = Release|Any CPU
		{C83B8B34-C40A-43E9-ADD5-8C7CE0B48D67}.Debug|Any CPU.ActiveCfg = Debug|Any CPU
		{C83B8B34-C40A-43E9-ADD5-8C7CE0B48D67}.Debug|Any CPU.Build.0 = Debug|Any CPU
		{C83B8B34-C40A-43E9-ADD5-8C7CE0B48D67}.Release|Any CPU.ActiveCfg = Release|Any CPU
		{C83B8B34-C40A-43E9-ADD5-8C7CE0B48D67}.Release|Any CPU.Build.0 = Release|Any CPU
		{1700326B-051B-46A1-BFF2-FDA292479EB1}.Debug|Any CPU.ActiveCfg = Debug|Any CPU
		{1700326B-051B-46A1-BFF2-FDA292479EB1}.Debug|Any CPU.Build.0 = Debug|Any CPU
		{1700326B-051B-46A1-BFF2-FDA292479EB1}.Release|Any CPU.ActiveCfg = Release|Any CPU
		{1700326B-051B-46A1-BFF2-FDA292479EB1}.Release|Any CPU.Build.0 = Release|Any CPU
		{39454EDA-FF99-4818-890F-F14459692E5C}.Debug|Any CPU.ActiveCfg = Debug|Any CPU
		{39454EDA-FF99-4818-890F-F14459692E5C}.Debug|Any CPU.Build.0 = Debug|Any CPU
		{39454EDA-FF99-4818-890F-F14459692E5C}.Release|Any CPU.ActiveCfg = Release|Any CPU
		{39454EDA-FF99-4818-890F-F14459692E5C}.Release|Any CPU.Build.0 = Release|Any CPU
		{3518DA24-C541-4AF9-AB41-AC7DE02761C7}.Debug|Any CPU.ActiveCfg = Debug|Any CPU
		{3518DA24-C541-4AF9-AB41-AC7DE02761C7}.Debug|Any CPU.Build.0 = Debug|Any CPU
		{3518DA24-C541-4AF9-AB41-AC7DE02761C7}.Release|Any CPU.ActiveCfg = Release|Any CPU
		{3518DA24-C541-4AF9-AB41-AC7DE02761C7}.Release|Any CPU.Build.0 = Release|Any CPU
		{1D04C8B1-B25D-4336-8220-29FF5AB1B1F0}.Debug|Any CPU.ActiveCfg = Debug|Any CPU
		{1D04C8B1-B25D-4336-8220-29FF5AB1B1F0}.Debug|Any CPU.Build.0 = Debug|Any CPU
		{1D04C8B1-B25D-4336-8220-29FF5AB1B1F0}.Release|Any CPU.ActiveCfg = Release|Any CPU
		{1D04C8B1-B25D-4336-8220-29FF5AB1B1F0}.Release|Any CPU.Build.0 = Release|Any CPU
		{5D861E0E-E383-49DC-BE75-E84D2C6EFF0F}.Debug|Any CPU.ActiveCfg = Debug|Any CPU
		{5D861E0E-E383-49DC-BE75-E84D2C6EFF0F}.Debug|Any CPU.Build.0 = Debug|Any CPU
		{5D861E0E-E383-49DC-BE75-E84D2C6EFF0F}.Release|Any CPU.ActiveCfg = Release|Any CPU
		{5D861E0E-E383-49DC-BE75-E84D2C6EFF0F}.Release|Any CPU.Build.0 = Release|Any CPU
	EndGlobalSection
	GlobalSection(SolutionProperties) = preSolution
		HideSolutionNode = FALSE
	EndGlobalSection
	GlobalSection(NestedProjects) = preSolution
		{D4B5FD43-A6EA-477E-8624-023CA2426407} = {CE5A2C51-78E4-486E-A2B8-EFA86CE9D31A}
		{7E10EF6A-BF0B-49D7-A492-C0D6966FA757} = {C58FABBA-633F-406F-821C-0D30CDE724B4}
		{EFAAB876-6748-45AF-9B85-858E59E46B6B} = {B63568FE-B7F3-4B40-8FDE-8D9FCAB32D77}
		{3B4A81CB-9649-4E0E-905F-0FC2A6D4BB6A} = {DD8F5DCB-2CBC-4B49-87CC-8B482A8E1037}
		{C83B8B34-C40A-43E9-ADD5-8C7CE0B48D67} = {DD8F5DCB-2CBC-4B49-87CC-8B482A8E1037}
		{1700326B-051B-46A1-BFF2-FDA292479EB1} = {C58FABBA-633F-406F-821C-0D30CDE724B4}
		{39454EDA-FF99-4818-890F-F14459692E5C} = {68119A1F-558B-4300-BC6D-FBA2B0C3FC4A}
		{3518DA24-C541-4AF9-AB41-AC7DE02761C7} = {68119A1F-558B-4300-BC6D-FBA2B0C3FC4A}
		{1D04C8B1-B25D-4336-8220-29FF5AB1B1F0} = {DD8F5DCB-2CBC-4B49-87CC-8B482A8E1037}
		{5D861E0E-E383-49DC-BE75-E84D2C6EFF0F} = {C58FABBA-633F-406F-821C-0D30CDE724B4}
	EndGlobalSection
	GlobalSection(ExtensibilityGlobals) = postSolution
		SolutionGuid = {007D9D9F-AD81-4ECB-904E-37B3CA92DA92}
	EndGlobalSection
EndGlobal
